
Microsoft Visual Studio Solution File, Format Version 12.00
# Visual Studio 15
VisualStudioVersion = 15.0.26730.8
MinimumVisualStudioVersion = 10.0.40219.1
Project("{FAE04EC0-301F-11D3-BF4B-00C04F79EFBC}") = "InterfacesUnitTest.Domain.Core", "src\InterfacesUnitTest.Domain.Core\InterfacesUnitTest.Domain.Core.csproj", "{19516362-DC7D-4C75-B782-1282D91909AA}"
EndProject
Project("{FAE04EC0-301F-11D3-BF4B-00C04F79EFBC}") = "UnitTestProject.Domain.Core.Tests", "tests\UnitTestProject.Domain.Core.Tests\UnitTestProject.Domain.Core.Tests.csproj", "{28D7C68B-F87C-400D-886C-8131DEA32B77}"
EndProject
Global
	GlobalSection(SolutionConfigurationPlatforms) = preSolution
		Debug|Any CPU = Debug|Any CPU
		Release|Any CPU = Release|Any CPU
	EndGlobalSection
	GlobalSection(ProjectConfigurationPlatforms) = postSolution
		{19516362-DC7D-4C75-B782-1282D91909AA}.Debug|Any CPU.ActiveCfg = Debug|Any CPU
		{19516362-DC7D-4C75-B782-1282D91909AA}.Debug|Any CPU.Build.0 = Debug|Any CPU
		{19516362-DC7D-4C75-B782-1282D91909AA}.Release|Any CPU.ActiveCfg = Release|Any CPU
		{19516362-DC7D-4C75-B782-1282D91909AA}.Release|Any CPU.Build.0 = Release|Any CPU
		{28D7C68B-F87C-400D-886C-8131DEA32B77}.Debug|Any CPU.ActiveCfg = Debug|Any CPU
		{28D7C68B-F87C-400D-886C-8131DEA32B77}.Debug|Any CPU.Build.0 = Debug|Any CPU
		{28D7C68B-F87C-400D-886C-8131DEA32B77}.Release|Any CPU.ActiveCfg = Release|Any CPU
		{28D7C68B-F87C-400D-886C-8131DEA32B77}.Release|Any CPU.Build.0 = Release|Any CPU
	EndGlobalSection
	GlobalSection(SolutionProperties) = preSolution
		HideSolutionNode = FALSE
	EndGlobalSection
	GlobalSection(ExtensibilityGlobals) = postSolution
		SolutionGuid = {1B2D0D80-AF25-409F-8E6D-535A8637F7AC}
	EndGlobalSection
EndGlobal
